{
  "schema": "enki-runtime-compatibility/v1",
  "packageVersion": "0.1.0",
  "recordedAt": "2026-08-29",
  "agentCompaniesSchema": "agentcompanies/v1",
  "paperclipBundleSchemaVersion": 7,
  "paperclip": {
    "repository": "https://github.com/paperclipai/paperclip",
    "upstreamBaseCommit": "35fca95626a04f5a7ec42cf95989c3d779a1687e",
    "upstreamBaseCommitStatus": "verified_from_local_repository",
    "release": null,
    "releaseStatus": "pending_upstream_tag_verification",
    "imageReference": null,
    "imageDigest": null,
    "imageStatus": "pending_release_build_and_digest_verification"
  },
  "codex": {
    "adapter": "codex_local",
    "configuredEngine": "cli",
    "configuredEngineStatus": "verified_from_package_configuration",
    "model": "gpt-5.6-sol",
    "modelStatus": "verified_from_package_configuration",
    "managedHomeIsolation": "required_per_agent",
    "managedHomeIsolationStatus": "verified_in_working_tree_pending_release_commit",
    "skipGitRepoCheck": true,
    "sandbox": "read-only",
    "permissionProfile": "enki-readonly-network",
    "sandboxBackend": "legacy_landlock",
    "sandboxBackendReason": "Docker default seccomp blocks the user namespaces required by bubblewrap; the explicit Codex Landlock fallback is paired with a read-only filesystem profile that remains representable by the legacy backend",
    "networkAccess": true,
    "networkScopeStatus": "outbound_network_enabled_without_destination_allowlist",
    "networkResidualRisk": "agent_process_can_attempt_direct_egress_but_receives_no_connector_bearer_or_upstream_credentials",
    "networkTarget": "migrate_to_networkScope_allowlist_after_bwrap_validation",
    "approvalPolicy": "never",
    "managedMcpDefaultToolsApprovalMode": "approve",
    "managedMcpApprovalModeStatus": "verified_with_codex_0.151.0_and_paperclip_gateway_policy_in_local_quickstart",
    "sandboxStatus": "read_only_legacy_landlock_verified_in_local_quickstart_with_residual_egress_risk",
    "cliVersion": "0.151.0",
    "cliVersionStatus": "observed_in_local_quickstart_not_pinned",
    "acpVersion": "1.6.2",
    "acpVersionStatus": "verified_from_repository_lock",
    "acpCodexVersion": "0.148.0",
    "acpCodexVersionStatus": "verified_from_repository_lock"
  },
  "runtimes": {
    "paperclipNode": "24.20.0",
    "paperclipNodeStatus": "observed_in_local_quickstart_not_pinned",
    "connectorNodeImageTag": "24.11.1-bookworm-slim",
    "connectorNodeImageDigest": "sha256:48abc13a19400ca3985071e287bd405a1d99306770eb81d61202fb6b65cf0b57",
    "connectorNodeImageStatus": "verified_registry_oci_index_2026-08-29",
    "uvImageTag": "0.8.15-python3.12-bookworm-slim",
    "uvImageDigest": "sha256:0664f9b563fb559314ae82b9d87cd34d503f98a96d8cd9b37fd9d9cfe76d5ede",
    "uvImageStatus": "verified_registry_oci_index_2026-08-29"
  },
  "connectors": {
    "woocommerce": {
      "imageDigest": null,
      "imageStatus": "pending_release_build_and_digest_verification",
      "mcpSdk": "1.30.0",
      "zod": "4.4.3",
      "dependencyStatus": "verified_from_package_and_lock"
    },
    "google": {
      "imageDigest": null,
      "imageStatus": "pending_release_build_and_digest_verification",
      "googleAdsCommit": "88f0467b9e536c562941fa52a94dd02b193c8fa4",
      "googleAnalyticsCommit": "a8ca729d4a8fa99bffe87962c17c0539c6aa9da7",
      "gscVersion": "1.1.0",
      "fastMcpVersion": "3.3.1",
      "dependencyStatus": "verified_from_manifests_and_locks"
    }
  },
  "releaseEvidence": {
    "packageGitTag": null,
    "packageGitCommit": null,
    "importArchiveSha256": null,
    "status": "pending_release_tag_and_artifact_build"
  }
}
